
Microsoft Visual Studio Solution File, Format Version 12.00
# Visual Studio Version 17
VisualStudioVersion = 17.2.32526.322
MinimumVisualStudioVersion = 10.0.40219.1
Project("{9A19103F-16F7-4668-BE54-9A1E7A4F7556}") = "SOLUTIONNAME", "ISVTestSDK\SOLUTIONNAME.csproj", "{A3419C90-EDAE-4561-B688-9501A5BB999C}"
EndProject
Global
	GlobalSection(SolutionConfigurationPlatforms) = preSolution
		Debug|Any CPU = Debug|Any CPU
		Release|Any CPU = Release|Any CPU
	EndGlobalSection
	GlobalSection(ProjectConfigurationPlatforms) = postSolution
		{A3419C90-EDAE-4561-B688-9501A5BB999C}.Debug|Any CPU.ActiveCfg = Debug|Any CPU
		{A3419C90-EDAE-4561-B688-9501A5BB999C}.Debug|Any CPU.Build.0 = Debug|Any CPU
		{A3419C90-EDAE-4561-B688-9501A5BB999C}.Release|Any CPU.ActiveCfg = Release|Any CPU
		{A3419C90-EDAE-4561-B688-9501A5BB999C}.Release|Any CPU.Build.0 = Release|Any CPU
	EndGlobalSection
	GlobalSection(SolutionProperties) = preSolution
		HideSolutionNode = FALSE
	EndGlobalSection
	GlobalSection(ExtensibilityGlobals) = postSolution
		SolutionGuid = {D28A3C68-0E5B-45FF-A2C6-F9A8CF28E848}
	EndGlobalSection
EndGlobal
